
Microsoft Visual Studio Solution File, Format Version 12.00
# Visual Studio Version 17
VisualStudioVersion = 17.3.32811.315
MinimumVisualStudioVersion = 10.0.40219.1
Project("{9A19103F-16F7-4668-BE54-9A1E7A4F7556}") = "scoring_counter_agent_bot", "SQLLite\scoring_counter_agent_bot.csproj", "{53E41E70-968D-4A6C-8D20-6046C1296BBC}"
EndProject
Global
	GlobalSection(SolutionConfigurationPlatforms) = preSolution
		Debug|Any CPU = Debug|Any CPU
		Release|Any CPU = Release|Any CPU
	EndGlobalSection
	GlobalSection(ProjectConfigurationPlatforms) = postSolution
		{53E41E70-968D-4A6C-8D20-6046C1296BBC}.Debug|Any CPU.ActiveCfg = Debug|Any CPU
		{53E41E70-968D-4A6C-8D20-6046C1296BBC}.Debug|Any CPU.Build.0 = Debug|Any CPU
		{53E41E70-968D-4A6C-8D20-6046C1296BBC}.Release|Any CPU.ActiveCfg = Release|Any CPU
		{53E41E70-968D-4A6C-8D20-6046C1296BBC}.Release|Any CPU.Build.0 = Release|Any CPU
	EndGlobalSection
	GlobalSection(SolutionProperties) = preSolution
		HideSolutionNode = FALSE
	EndGlobalSection
	GlobalSection(ExtensibilityGlobals) = postSolution
		SolutionGuid = {0606ACCA-28D4-4421-95B7-2219E10D24F8}
	EndGlobalSection
EndGlobal
